
Microsoft Visual Studio Solution File, Format Version 12.00
# Visual Studio 15
VisualStudioVersion = 15.0.27703.2042
MinimumVisualStudioVersion = 10.0.40219.1
Project("{FAE04EC0-301F-11D3-BF4B-00C04F79EFBC}") = "TheGuessingGame", "TheGuessingGame\TheGuessingGame.csproj", "{3BAC9AF8-7FC5-42DA-99A1-8CCBE90DAEE7}"
EndProject
Global
	GlobalSection(SolutionConfigurationPlatforms) = preSolution
		Debug|Any CPU = Debug|Any CPU
		Release|Any CPU = Release|Any CPU
	EndGlobalSection
	GlobalSection(ProjectConfigurationPlatforms) = postSolution
		{3BAC9AF8-7FC5-42DA-99A1-8CCBE90DAEE7}.Debug|Any CPU.ActiveCfg = Debug|Any CPU
		{3BAC9AF8-7FC5-42DA-99A1-8CCBE90DAEE7}.Debug|Any CPU.Build.0 = Debug|Any CPU
		{3BAC9AF8-7FC5-42DA-99A1-8CCBE90DAEE7}.Release|Any CPU.ActiveCfg = Release|Any CPU
		{3BAC9AF8-7FC5-42DA-99A1-8CCBE90DAEE7}.Release|Any CPU.Build.0 = Release|Any CPU
	EndGlobalSection
	GlobalSection(SolutionProperties) = preSolution
		HideSolutionNode = FALSE
	EndGlobalSection
	GlobalSection(ExtensibilityGlobals) = postSolution
		SolutionGuid = {4C96FACD-8132-4436-9693-D03A58024A03}
	EndGlobalSection
EndGlobal
